
Microsoft Visual Studio Solution File, Format Version 12.00
# Visual Studio 15
VisualStudioVersion = 15.0.28307.136
MinimumVisualStudioVersion = 10.0.40219.1
Project("{2150E333-8FDC-42A3-9474-1A3956D46DE8}") = "1-UI", "1-UI", "{C05FC4A8-D70F-49E8-BF9E-43272DA20472}"
EndProject
Project("{2150E333-8FDC-42A3-9474-1A3956D46DE8}") = "2-Domain", "2-Domain", "{6A9A0561-D949-40BC-A6B9-620E096C396A}"
EndProject
Project("{2150E333-8FDC-42A3-9474-1A3956D46DE8}") = "3-Infrastructure", "3-Infrastructure", "{3DDD15DB-4632-4B1C-BC14-315804630D80}"
EndProject
Project("{9A19103F-16F7-4668-BE54-9A1E7A4F7556}") = "SGCB.ApplicationCore", "SGCB.ApplicatuinCore\SGCB.ApplicationCore.csproj", "{29FD5210-7C17-428A-894B-190BC5EB9B9A}"
EndProject
Project("{FAE04EC0-301F-11D3-BF4B-00C04F79EFBC}") = "SGCB.Infrastructure", "SGCB.Infrastructure\SGCB.Infrastructure.csproj", "{D9C3DC09-9ED0-4B3F-9E6A-2D44B5856A5E}"
EndProject
Global
	GlobalSection(SolutionConfigurationPlatforms) = preSolution
		Debug|Any CPU = Debug|Any CPU
		Release|Any CPU = Release|Any CPU
	EndGlobalSection
	GlobalSection(ProjectConfigurationPlatforms) = postSolution
		{29FD5210-7C17-428A-894B-190BC5EB9B9A}.Debug|Any CPU.ActiveCfg = Debug|Any CPU
		{29FD5210-7C17-428A-894B-190BC5EB9B9A}.Debug|Any CPU.Build.0 = Debug|Any CPU
		{29FD5210-7C17-428A-894B-190BC5EB9B9A}.Release|Any CPU.ActiveCfg = Release|Any CPU
		{29FD5210-7C17-428A-894B-190BC5EB9B9A}.Release|Any CPU.Build.0 = Release|Any CPU
		{D9C3DC09-9ED0-4B3F-9E6A-2D44B5856A5E}.Debug|Any CPU.ActiveCfg = Debug|Any CPU
		{D9C3DC09-9ED0-4B3F-9E6A-2D44B5856A5E}.Debug|Any CPU.Build.0 = Debug|Any CPU
		{D9C3DC09-9ED0-4B3F-9E6A-2D44B5856A5E}.Release|Any CPU.ActiveCfg = Release|Any CPU
		{D9C3DC09-9ED0-4B3F-9E6A-2D44B5856A5E}.Release|Any CPU.Build.0 = Release|Any CPU
	EndGlobalSection
	GlobalSection(SolutionProperties) = preSolution
		HideSolutionNode = FALSE
	EndGlobalSection
	GlobalSection(NestedProjects) = preSolution
		{29FD5210-7C17-428A-894B-190BC5EB9B9A} = {6A9A0561-D949-40BC-A6B9-620E096C396A}
		{D9C3DC09-9ED0-4B3F-9E6A-2D44B5856A5E} = {3DDD15DB-4632-4B1C-BC14-315804630D80}
	EndGlobalSection
	GlobalSection(ExtensibilityGlobals) = postSolution
		SolutionGuid = {768E5926-C48C-48FD-86F7-8C36711EA08A}
	EndGlobalSection
EndGlobal
